
Microsoft Visual Studio Solution File, Format Version 12.00
# Visual Studio Version 17
VisualStudioVersion = 17.10.35013.160
MinimumVisualStudioVersion = 10.0.40219.1
Project("{FAE04EC0-301F-11D3-BF4B-00C04F79EFBC}") = "MusicAppMaui", "MusicAppMaui\MusicAppMaui.csproj", "{AD01762C-75D3-4442-AF03-2700186C8739}"
EndProject
Global
	GlobalSection(SolutionConfigurationPlatforms) = preSolution
		Debug|Any CPU = Debug|Any CPU
		Release|Any CPU = Release|Any CPU
	EndGlobalSection
	GlobalSection(ProjectConfigurationPlatforms) = postSolution
		{AD01762C-75D3-4442-AF03-2700186C8739}.Debug|Any CPU.ActiveCfg = Debug|Any CPU
		{AD01762C-75D3-4442-AF03-2700186C8739}.Debug|Any CPU.Build.0 = Debug|Any CPU
		{AD01762C-75D3-4442-AF03-2700186C8739}.Debug|Any CPU.Deploy.0 = Debug|Any CPU
		{AD01762C-75D3-4442-AF03-2700186C8739}.Release|Any CPU.ActiveCfg = Release|Any CPU
		{AD01762C-75D3-4442-AF03-2700186C8739}.Release|Any CPU.Build.0 = Release|Any CPU
		{AD01762C-75D3-4442-AF03-2700186C8739}.Release|Any CPU.Deploy.0 = Release|Any CPU
	EndGlobalSection
	GlobalSection(SolutionProperties) = preSolution
		HideSolutionNode = FALSE
	EndGlobalSection
	GlobalSection(ExtensibilityGlobals) = postSolution
		SolutionGuid = {26BBA50A-621A-4600-B768-80235CB8B2E4}
	EndGlobalSection
EndGlobal
